// !$*UTF8*$!
{
	archiveVersion = 1;
	classes = {
	};
	objectVersion = 56;
	objects = {

/* Begin PBXBuildFile section */
		83172ACF2BDEB19400617306 /* AppRootManager.swift in Sources */ = {isa = PBXBuildFile; fileRef = 83172ACE2BDEB19400617306 /* AppRootManager.swift */; };
		83172AD12BDF00BA00617306 /* IncidentCardView.swift in Sources */ = {isa = PBXBuildFile; fileRef = 83172AD02BDF00BA00617306 /* IncidentCardView.swift */; };
		83172AD32BDF120800617306 /* SeverityView.swift in Sources */ = {isa = PBXBuildFile; fileRef = 83172AD22BDF120800617306 /* SeverityView.swift */; };
		83172AD52BDFEB6C00617306 /* AccountView.swift in Sources */ = {isa = PBXBuildFile; fileRef = 83172AD42BDFEB6C00617306 /* AccountView.swift */; };
		83172AD72BDFEDCB00617306 /* AddIncidentView.swift in Sources */ = {isa = PBXBuildFile; fileRef = 83172AD62BDFEDCB00617306 /* AddIncidentView.swift */; };
		83172AD92BE0332700617306 /* SearchBarView.swift in Sources */ = {isa = PBXBuildFile; fileRef = 83172AD82BE0332700617306 /* SearchBarView.swift */; };
		83172ADB2BE160FA00617306 /* ImagePickerView.swift in Sources */ = {isa = PBXBuildFile; fileRef = 83172ADA2BE160FA00617306 /* ImagePickerView.swift */; };
		8336CC712BE5B6430090D525 /* IncidentDetailView.swift in Sources */ = {isa = PBXBuildFile; fileRef = 8336CC702BE5B6430090D525 /* IncidentDetailView.swift */; };
		8336CC732BE5BE940090D525 /* CustomMapView.swift in Sources */ = {isa = PBXBuildFile; fileRef = 8336CC722BE5BE940090D525 /* CustomMapView.swift */; };
		8336CC752BE5C2250090D525 /* Location.swift in Sources */ = {isa = PBXBuildFile; fileRef = 8336CC742BE5C2250090D525 /* Location.swift */; };
		8336CC772BE6986D0090D525 /* Incident.swift in Sources */ = {isa = PBXBuildFile; fileRef = 8336CC762BE6986D0090D525 /* Incident.swift */; };
		833BE0CE2BE1732C005121B0 /* CategoryView.swift in Sources */ = {isa = PBXBuildFile; fileRef = 833BE0CD2BE1732C005121B0 /* CategoryView.swift */; };
		8392D4042BDC6CF900EF6B5B /* MainTabView.swift in Sources */ = {isa = PBXBuildFile; fileRef = 8392D4032BDC6CF900EF6B5B /* MainTabView.swift */; };
		8392D4062BDC7D2900EF6B5B /* IncidentsListView.swift in Sources */ = {isa = PBXBuildFile; fileRef = 8392D4052BDC7D2900EF6B5B /* IncidentsListView.swift */; };
		83A1D01E2BD5C05A0067503D /* vakandi_appApp.swift in Sources */ = {isa = PBXBuildFile; fileRef = 83A1D01D2BD5C05A0067503D /* vakandi_appApp.swift */; };
		83A1D0222BD5C05B0067503D /* Assets.xcassets in Resources */ = {isa = PBXBuildFile; fileRef = 83A1D0212BD5C05B0067503D /* Assets.xcassets */; };
		83A1D0252BD5C05B0067503D /* Preview Assets.xcassets in Resources */ = {isa = PBXBuildFile; fileRef = 83A1D0242BD5C05B0067503D /* Preview Assets.xcassets */; };
		83A1D02C2BD5C08D0067503D /* LoginView.swift in Sources */ = {isa = PBXBuildFile; fileRef = 83A1D02B2BD5C08D0067503D /* LoginView.swift */; };
		83A1D02E2BD5C26B0067503D /* Constants.swift in Sources */ = {isa = PBXBuildFile; fileRef = 83A1D02D2BD5C26B0067503D /* Constants.swift */; };
/* End PBXBuildFile section */

/* Begin PBXFileReference section */
		83172ACE2BDEB19400617306 /* AppRootManager.swift */ = {isa = PBXFileReference; lastKnownFileType = sourcecode.swift; path = AppRootManager.swift; sourceTree = "<group>"; };
		83172AD02BDF00BA00617306 /* IncidentCardView.swift */ = {isa = PBXFileReference; lastKnownFileType = sourcecode.swift; path = IncidentCardView.swift; sourceTree = "<group>"; };
		83172AD22BDF120800617306 /* SeverityView.swift */ = {isa = PBXFileReference; lastKnownFileType = sourcecode.swift; path = SeverityView.swift; sourceTree = "<group>"; };
		83172AD42BDFEB6C00617306 /* AccountView.swift */ = {isa = PBXFileReference; lastKnownFileType = sourcecode.swift; path = AccountView.swift; sourceTree = "<group>"; };
		83172AD62BDFEDCB00617306 /* AddIncidentView.swift */ = {isa = PBXFileReference; lastKnownFileType = sourcecode.swift; path = AddIncidentView.swift; sourceTree = "<group>"; };
		83172AD82BE0332700617306 /* SearchBarView.swift */ = {isa = PBXFileReference; lastKnownFileType = sourcecode.swift; path = SearchBarView.swift; sourceTree = "<group>"; };
		83172ADA2BE160FA00617306 /* ImagePickerView.swift */ = {isa = PBXFileReference; lastKnownFileType = sourcecode.swift; path = ImagePickerView.swift; sourceTree = "<group>"; };
		8336CC702BE5B6430090D525 /* IncidentDetailView.swift */ = {isa = PBXFileReference; lastKnownFileType = sourcecode.swift; path = IncidentDetailView.swift; sourceTree = "<group>"; };
		8336CC722BE5BE940090D525 /* CustomMapView.swift */ = {isa = PBXFileReference; lastKnownFileType = sourcecode.swift; path = CustomMapView.swift; sourceTree = "<group>"; };
		8336CC742BE5C2250090D525 /* Location.swift */ = {isa = PBXFileReference; lastKnownFileType = sourcecode.swift; path = Location.swift; sourceTree = "<group>"; };
		8336CC762BE6986D0090D525 /* Incident.swift */ = {isa = PBXFileReference; lastKnownFileType = sourcecode.swift; path = Incident.swift; sourceTree = "<group>"; };
		833BE0CD2BE1732C005121B0 /* CategoryView.swift */ = {isa = PBXFileReference; lastKnownFileType = sourcecode.swift; path = CategoryView.swift; sourceTree = "<group>"; };
		8392D4032BDC6CF900EF6B5B /* MainTabView.swift */ = {isa = PBXFileReference; lastKnownFileType = sourcecode.swift; path = MainTabView.swift; sourceTree = "<group>"; };
		8392D4052BDC7D2900EF6B5B /* IncidentsListView.swift */ = {isa = PBXFileReference; lastKnownFileType = sourcecode.swift; path = IncidentsListView.swift; sourceTree = "<group>"; };
		83A1D01A2BD5C05A0067503D /* vakandi-app.app */ = {isa = PBXFileReference; explicitFileType = wrapper.application; includeInIndex = 0; path = "vakandi-app.app"; sourceTree = BUILT_PRODUCTS_DIR; };
		83A1D01D2BD5C05A0067503D /* vakandi_appApp.swift */ = {isa = PBXFileReference; lastKnownFileType = sourcecode.swift; path = vakandi_appApp.swift; sourceTree = "<group>"; };
		83A1D0212BD5C05B0067503D /* Assets.xcassets */ = {isa = PBXFileReference; lastKnownFileType = folder.assetcatalog; path = Assets.xcassets; sourceTree = "<group>"; };
		83A1D0242BD5C05B0067503D /* Preview Assets.xcassets */ = {isa = PBXFileReference; lastKnownFileType = folder.assetcatalog; path = "Preview Assets.xcassets"; sourceTree = "<group>"; };
		83A1D02B2BD5C08D0067503D /* LoginView.swift */ = {isa = PBXFileReference; lastKnownFileType = sourcecode.swift; path = LoginView.swift; sourceTree = "<group>"; };
		83A1D02D2BD5C26B0067503D /* Constants.swift */ = {isa = PBXFileReference; lastKnownFileType = sourcecode.swift; path = Constants.swift; sourceTree = "<group>"; };
/* End PBXFileReference section */

/* Begin PBXFrameworksBuildPhase section */
		83A1D0172BD5C05A0067503D /* Frameworks */ = {
			isa = PBXFrameworksBuildPhase;
			buildActionMask = 2147483647;
			files = (
			);
			runOnlyForDeploymentPostprocessing = 0;
		};
/* End PBXFrameworksBuildPhase section */

/* Begin PBXGroup section */
		83A1D0112BD5C05A0067503D = {
			isa = PBXGroup;
			children = (
				83A1D01C2BD5C05A0067503D /* vakandi-app */,
				83A1D01B2BD5C05A0067503D /* Products */,
			);
			sourceTree = "<group>";
		};
		83A1D01B2BD5C05A0067503D /* Products */ = {
			isa = PBXGroup;
			children = (
				83A1D01A2BD5C05A0067503D /* vakandi-app.app */,
			);
			name = Products;
			sourceTree = "<group>";
		};
		83A1D01C2BD5C05A0067503D /* vakandi-app */ = {
			isa = PBXGroup;
			children = (
				83A1D01D2BD5C05A0067503D /* vakandi_appApp.swift */,
				83A1D0212BD5C05B0067503D /* Assets.xcassets */,
				83A1D0232BD5C05B0067503D /* Preview Content */,
				83A1D02B2BD5C08D0067503D /* LoginView.swift */,
				83A1D02D2BD5C26B0067503D /* Constants.swift */,
				8392D4032BDC6CF900EF6B5B /* MainTabView.swift */,
				8392D4052BDC7D2900EF6B5B /* IncidentsListView.swift */,
				83172ACE2BDEB19400617306 /* AppRootManager.swift */,
				83172AD02BDF00BA00617306 /* IncidentCardView.swift */,
				83172AD22BDF120800617306 /* SeverityView.swift */,
				83172AD42BDFEB6C00617306 /* AccountView.swift */,
				83172AD62BDFEDCB00617306 /* AddIncidentView.swift */,
				83172AD82BE0332700617306 /* SearchBarView.swift */,
				83172ADA2BE160FA00617306 /* ImagePickerView.swift */,
				833BE0CD2BE1732C005121B0 /* CategoryView.swift */,
				8336CC702BE5B6430090D525 /* IncidentDetailView.swift */,
				8336CC722BE5BE940090D525 /* CustomMapView.swift */,
				8336CC742BE5C2250090D525 /* Location.swift */,
				8336CC762BE6986D0090D525 /* Incident.swift */,
			);
			path = "vakandi-app";
			sourceTree = "<group>";
		};
		83A1D0232BD5C05B0067503D /* Preview Content */ = {
			isa = PBXGroup;
			children = (
				83A1D0242BD5C05B0067503D /* Preview Assets.xcassets */,
			);
			path = "Preview Content";
			sourceTree = "<group>";
		};
/* End PBXGroup section */

/* Begin PBXNativeTarget section */
		83A1D0192BD5C05A0067503D /* vakandi-app */ = {
			isa = PBXNativeTarget;
			buildConfigurationList = 83A1D0282BD5C05B0067503D /* Build configuration list for PBXNativeTarget "vakandi-app" */;
			buildPhases = (
				83A1D0162BD5C05A0067503D /* Sources */,
				83A1D0172BD5C05A0067503D /* Frameworks */,
				83A1D0182BD5C05A0067503D /* Resources */,
			);
			buildRules = (
			);
			dependencies = (
			);
			name = "vakandi-app";
			productName = "vakandi-app";
			productReference = 83A1D01A2BD5C05A0067503D /* vakandi-app.app */;
			productType = "com.apple.product-type.application";
		};
/* End PBXNativeTarget section */

/* Begin PBXProject section */
		83A1D0122BD5C05A0067503D /* Project object */ = {
			isa = PBXProject;
			attributes = {
				BuildIndependentTargetsInParallel = 1;
				LastSwiftUpdateCheck = 1430;
				LastUpgradeCheck = 1430;
				TargetAttributes = {
					83A1D0192BD5C05A0067503D = {
						CreatedOnToolsVersion = 14.3;
					};
				};
			};
			buildConfigurationList = 83A1D0152BD5C05A0067503D /* Build configuration list for PBXProject "vakandi-app" */;
			compatibilityVersion = "Xcode 14.0";
			developmentRegion = en;
			hasScannedForEncodings = 0;
			knownRegions = (
				en,
				Base,
			);
			mainGroup = 83A1D0112BD5C05A0067503D;
			productRefGroup = 83A1D01B2BD5C05A0067503D /* Products */;
			projectDirPath = "";
			projectRoot = "";
			targets = (
				83A1D0192BD5C05A0067503D /* vakandi-app */,
			);
		};
/* End PBXProject section */

/* Begin PBXResourcesBuildPhase section */
		83A1D0182BD5C05A0067503D /* Resources */ = {
			isa = PBXResourcesBuildPhase;
			buildActionMask = 2147483647;
			files = (
				83A1D0252BD5C05B0067503D /* Preview Assets.xcassets in Resources */,
				83A1D0222BD5C05B0067503D /* Assets.xcassets in Resources */,
			);
			runOnlyForDeploymentPostprocessing = 0;
		};
/* End PBXResourcesBuildPhase section */

/* Begin PBXSourcesBuildPhase section */
		83A1D0162BD5C05A0067503D /* Sources */ = {
			isa = PBXSourcesBuildPhase;
			buildActionMask = 2147483647;
			files = (
				83172AD72BDFEDCB00617306 /* AddIncidentView.swift in Sources */,
				8336CC772BE6986D0090D525 /* Incident.swift in Sources */,
				83A1D02C2BD5C08D0067503D /* LoginView.swift in Sources */,
				8336CC752BE5C2250090D525 /* Location.swift in Sources */,
				83A1D02E2BD5C26B0067503D /* Constants.swift in Sources */,
				83172AD32BDF120800617306 /* SeverityView.swift in Sources */,
				83172AD92BE0332700617306 /* SearchBarView.swift in Sources */,
				8336CC712BE5B6430090D525 /* IncidentDetailView.swift in Sources */,
				833BE0CE2BE1732C005121B0 /* CategoryView.swift in Sources */,
				83172AD52BDFEB6C00617306 /* AccountView.swift in Sources */,
				83172ACF2BDEB19400617306 /* AppRootManager.swift in Sources */,
				8336CC732BE5BE940090D525 /* CustomMapView.swift in Sources */,
				83172AD12BDF00BA00617306 /* IncidentCardView.swift in Sources */,
				83172ADB2BE160FA00617306 /* ImagePickerView.swift in Sources */,
				83A1D01E2BD5C05A0067503D /* vakandi_appApp.swift in Sources */,
				8392D4062BDC7D2900EF6B5B /* IncidentsListView.swift in Sources */,
				8392D4042BDC6CF900EF6B5B /* MainTabView.swift in Sources */,
			);
			runOnlyForDeploymentPostprocessing = 0;
		};
/* End PBXSourcesBuildPhase section */

/* Begin XCBuildConfiguration section */
		83A1D0262BD5C05B0067503D /* Debug */ = {
			isa = XCBuildConfiguration;
			buildSettings = {
				ALWAYS_SEARCH_USER_PATHS = NO;
				CLANG_ANALYZER_NONNULL = YES;
				CLANG_ANALYZER_NUMBER_OBJECT_CONVERSION = YES_AGGRESSIVE;
				CLANG_CXX_LANGUAGE_STANDARD = "gnu++20";
				CLANG_ENABLE_MODULES = YES;
				CLANG_ENABLE_OBJC_ARC = YES;
				CLANG_ENABLE_OBJC_WEAK = YES;
				CLANG_WARN_BLOCK_CAPTURE_AUTORELEASING = YES;
				CLANG_WARN_BOOL_CONVERSION = YES;
				CLANG_WARN_COMMA = YES;
				CLANG_WARN_CONSTANT_CONVERSION = YES;
				CLANG_WARN_DEPRECATED_OBJC_IMPLEMENTATIONS = YES;
				CLANG_WARN_DIRECT_OBJC_ISA_USAGE = YES_ERROR;
				CLANG_WARN_DOCUMENTATION_COMMENTS = YES;
				CLANG_WARN_EMPTY_BODY = YES;
				CLANG_WARN_ENUM_CONVERSION = YES;
				CLANG_WARN_INFINITE_RECURSION = YES;
				CLANG_WARN_INT_CONVERSION = YES;
				CLANG_WARN_NON_LITERAL_NULL_CONVERSION = YES;
				CLANG_WARN_OBJC_IMPLICIT_RETAIN_SELF = YES;
				CLANG_WARN_OBJC_LITERAL_CONVERSION = YES;
				CLANG_WARN_OBJC_ROOT_CLASS = YES_ERROR;
				CLANG_WARN_QUOTED_INCLUDE_IN_FRAMEWORK_HEADER = YES;
				CLANG_WARN_RANGE_LOOP_ANALYSIS = YES;
				CLANG_WARN_STRICT_PROTOTYPES = YES;
				CLANG_WARN_SUSPICIOUS_MOVE = YES;
				CLANG_WARN_UNGUARDED_AVAILABILITY = YES_AGGRESSIVE;
				CLANG_WARN_UNREACHABLE_CODE = YES;
				CLANG_WARN__DUPLICATE_METHOD_MATCH = YES;
				COPY_PHASE_STRIP = NO;
				DEBUG_INFORMATION_FORMAT = dwarf;
				ENABLE_STRICT_OBJC_MSGSEND = YES;
				ENABLE_TESTABILITY = YES;
				GCC_C_LANGUAGE_STANDARD = gnu11;
				GCC_DYNAMIC_NO_PIC = NO;
				GCC_NO_COMMON_BLOCKS = YES;
				GCC_OPTIMIZATION_LEVEL = 0;
				GCC_PREPROCESSOR_DEFINITIONS = (
					"DEBUG=1",
					"$(inherited)",
				);
				GCC_WARN_64_TO_32_BIT_CONVERSION = YES;
				GCC_WARN_ABOUT_RETURN_TYPE = YES_ERROR;
				GCC_WARN_UNDECLARED_SELECTOR = YES;
				GCC_WARN_UNINITIALIZED_AUTOS = YES_AGGRESSIVE;
				GCC_WARN_UNUSED_FUNCTION = YES;
				GCC_WARN_UNUSED_VARIABLE = YES;
				IPHONEOS_DEPLOYMENT_TARGET = 16.4;
				MTL_ENABLE_DEBUG_INFO = INCLUDE_SOURCE;
				MTL_FAST_MATH = YES;
				ONLY_ACTIVE_ARCH = YES;
				SDKROOT = iphoneos;
				SWIFT_ACTIVE_COMPILATION_CONDITIONS = DEBUG;
				SWIFT_OPTIMIZATION_LEVEL = "-Onone";
			};
			name = Debug;
		};
		83A1D0272BD5C05B0067503D /* Release */ = {
			isa = XCBuildConfiguration;
			buildSettings = {
				ALWAYS_SEARCH_USER_PATHS = NO;
				CLANG_ANALYZER_NONNULL = YES;
				CLANG_ANALYZER_NUMBER_OBJECT_CONVERSION = YES_AGGRESSIVE;
				CLANG_CXX_LANGUAGE_STANDARD = "gnu++20";
				CLANG_ENABLE_MODULES = YES;
				CLANG_ENABLE_OBJC_ARC = YES;
				CLANG_ENABLE_OBJC_WEAK = YES;
				CLANG_WARN_BLOCK_CAPTURE_AUTORELEASING = YES;
				CLANG_WARN_BOOL_CONVERSION = YES;
				CLANG_WARN_COMMA = YES;
				CLANG_WARN_CONSTANT_CONVERSION = YES;
				CLANG_WARN_DEPRECATED_OBJC_IMPLEMENTATIONS = YES;
				CLANG_WARN_DIRECT_OBJC_ISA_USAGE = YES_ERROR;
				CLANG_WARN_DOCUMENTATION_COMMENTS = YES;
				CLANG_WARN_EMPTY_BODY = YES;
				CLANG_WARN_ENUM_CONVERSION = YES;
				CLANG_WARN_INFINITE_RECURSION = YES;
				CLANG_WARN_INT_CONVERSION = YES;
				CLANG_WARN_NON_LITERAL_NULL_CONVERSION = YES;
				CLANG_WARN_OBJC_IMPLICIT_RETAIN_SELF = YES;
				CLANG_WARN_OBJC_LITERAL_CONVERSION = YES;
				CLANG_WARN_OBJC_ROOT_CLASS = YES_ERROR;
				CLANG_WARN_QUOTED_INCLUDE_IN_FRAMEWORK_HEADER = YES;
				CLANG_WARN_RANGE_LOOP_ANALYSIS = YES;
				CLANG_WARN_STRICT_PROTOTYPES = YES;
				CLANG_WARN_SUSPICIOUS_MOVE = YES;
				CLANG_WARN_UNGUARDED_AVAILABILITY = YES_AGGRESSIVE;
				CLANG_WARN_UNREACHABLE_CODE = YES;
				CLANG_WARN__DUPLICATE_METHOD_MATCH = YES;
				COPY_PHASE_STRIP = NO;
				DEBUG_INFORMATION_FORMAT = "dwarf-with-dsym";
				ENABLE_NS_ASSERTIONS = NO;
				ENABLE_STRICT_OBJC_MSGSEND = YES;
				GCC_C_LANGUAGE_STANDARD = gnu11;
				GCC_NO_COMMON_BLOCKS = YES;
				GCC_WARN_64_TO_32_BIT_CONVERSION = YES;
				GCC_WARN_ABOUT_RETURN_TYPE = YES_ERROR;
				GCC_WARN_UNDECLARED_SELECTOR = YES;
				GCC_WARN_UNINITIALIZED_AUTOS = YES_AGGRESSIVE;
				GCC_WARN_UNUSED_FUNCTION = YES;
				GCC_WARN_UNUSED_VARIABLE = YES;
				IPHONEOS_DEPLOYMENT_TARGET = 16.4;
				MTL_ENABLE_DEBUG_INFO = NO;
				MTL_FAST_MATH = YES;
				SDKROOT = iphoneos;
				SWIFT_COMPILATION_MODE = wholemodule;
				SWIFT_OPTIMIZATION_LEVEL = "-O";
				VALIDATE_PRODUCT = YES;
			};
			name = Release;
		};
		83A1D0292BD5C05B0067503D /* Debug */ = {
			isa = XCBuildConfiguration;
			buildSettings = {
				ASSETCATALOG_COMPILER_APPICON_NAME = AppIcon;
				ASSETCATALOG_COMPILER_GLOBAL_ACCENT_COLOR_NAME = AccentColor;
				CODE_SIGN_STYLE = Automatic;
				CURRENT_PROJECT_VERSION = 1;
				DEVELOPMENT_ASSET_PATHS = "\"vakandi-app/Preview Content\"";
				DEVELOPMENT_TEAM = 7NDNDW3T9Y;
				ENABLE_PREVIEWS = YES;
				GENERATE_INFOPLIST_FILE = YES;
				INFOPLIST_KEY_UIApplicationSceneManifest_Generation = YES;
				INFOPLIST_KEY_UIApplicationSupportsIndirectInputEvents = YES;
				INFOPLIST_KEY_UILaunchScreen_Generation = YES;
				INFOPLIST_KEY_UISupportedInterfaceOrientations = UIInterfaceOrientationPortrait;
				INFOPLIST_KEY_UISupportedInterfaceOrientations_iPad = "UIInterfaceOrientationLandscapeLeft UIInterfaceOrientationLandscapeRight UIInterfaceOrientationPortrait UIInterfaceOrientationPortraitUpsideDown";
				LD_RUNPATH_SEARCH_PATHS = (
					"$(inherited)",
					"@executable_path/Frameworks",
				);
				MARKETING_VERSION = 1.0;
				PRODUCT_BUNDLE_IDENTIFIER = "com.mnlvrdg.vakandi-app";
				PRODUCT_NAME = "$(TARGET_NAME)";
				SWIFT_EMIT_LOC_STRINGS = YES;
				SWIFT_VERSION = 5.0;
				TARGETED_DEVICE_FAMILY = "1,2";
			};
			name = Debug;
		};
		83A1D02A2BD5C05B0067503D /* Release */ = {
			isa = XCBuildConfiguration;
			buildSettings = {
				ASSETCATALOG_COMPILER_APPICON_NAME = AppIcon;
				ASSETCATALOG_COMPILER_GLOBAL_ACCENT_COLOR_NAME = AccentColor;
				CODE_SIGN_STYLE = Automatic;
				CURRENT_PROJECT_VERSION = 1;
				DEVELOPMENT_ASSET_PATHS = "\"vakandi-app/Preview Content\"";
				DEVELOPMENT_TEAM = 7NDNDW3T9Y;
				ENABLE_PREVIEWS = YES;
				GENERATE_INFOPLIST_FILE = YES;
				INFOPLIST_KEY_UIApplicationSceneManifest_Generation = YES;
				INFOPLIST_KEY_UIApplicationSupportsIndirectInputEvents = YES;
				INFOPLIST_KEY_UILaunchScreen_Generation = YES;
				INFOPLIST_KEY_UISupportedInterfaceOrientations = UIInterfaceOrientationPortrait;
				INFOPLIST_KEY_UISupportedInterfaceOrientations_iPad = "UIInterfaceOrientationLandscapeLeft UIInterfaceOrientationLandscapeRight UIInterfaceOrientationPortrait UIInterfaceOrientationPortraitUpsideDown";
				LD_RUNPATH_SEARCH_PATHS = (
					"$(inherited)",
					"@executable_path/Frameworks",
				);
				MARKETING_VERSION = 1.0;
				PRODUCT_BUNDLE_IDENTIFIER = "com.mnlvrdg.vakandi-app";
				PRODUCT_NAME = "$(TARGET_NAME)";
				SWIFT_EMIT_LOC_STRINGS = YES;
				SWIFT_VERSION = 5.0;
				TARGETED_DEVICE_FAMILY = "1,2";
			};
			name = Release;
		};
/* End XCBuildConfiguration section */

/* Begin XCConfigurationList section */
		83A1D0152BD5C05A0067503D /* Build configuration list for PBXProject "vakandi-app" */ = {
			isa = XCConfigurationList;
			buildConfigurations = (
				83A1D0262BD5C05B0067503D /* Debug */,
				83A1D0272BD5C05B0067503D /* Release */,
			);
			defaultConfigurationIsVisible = 0;
			defaultConfigurationName = Release;
		};
		83A1D0282BD5C05B0067503D /* Build configuration list for PBXNativeTarget "vakandi-app" */ = {
			isa = XCConfigurationList;
			buildConfigurations = (
				83A1D0292BD5C05B0067503D /* Debug */,
				83A1D02A2BD5C05B0067503D /* Release */,
			);
			defaultConfigurationIsVisible = 0;
			defaultConfigurationName = Release;
		};
/* End XCConfigurationList section */
	};
	rootObject = 83A1D0122BD5C05A0067503D /* Project object */;
}
